// !$*UTF8*$!
{
	archiveVersion = 1;
	classes = {
	};
	objectVersion = 51;
	objects = {

/* Begin PBXBuildFile section */
		441299AAB1C41D7E4F283353 /* Pods_CoinAlert.framework in Frameworks */ = {isa = PBXBuildFile; fileRef = 799A0406D3952677153208A5 /* Pods_CoinAlert.framework */; };
		4917F2D6262B8350008F1FE8 /* Coin.swift in Sources */ = {isa = PBXBuildFile; fileRef = 4917F2D5262B8350008F1FE8 /* Coin.swift */; };
		4917F2D9262B8A84008F1FE8 /* CoinTableViewCell.swift in Sources */ = {isa = PBXBuildFile; fileRef = 4917F2D8262B8A84008F1FE8 /* CoinTableViewCell.swift */; };
		4917F2DC262BA4A6008F1FE8 /* CoinTableViewController.swift in Sources */ = {isa = PBXBuildFile; fileRef = 4917F2DB262BA4A6008F1FE8 /* CoinTableViewController.swift */; };
		4926A5E9262FC471004CD261 /* AlertViewController.swift in Sources */ = {isa = PBXBuildFile; fileRef = 4926A5E8262FC471004CD261 /* AlertViewController.swift */; };
		497AE43C261FA25A00C7ECA7 /* AppDelegate.swift in Sources */ = {isa = PBXBuildFile; fileRef = 497AE43B261FA25A00C7ECA7 /* AppDelegate.swift */; };
		497AE43E261FA25A00C7ECA7 /* SceneDelegate.swift in Sources */ = {isa = PBXBuildFile; fileRef = 497AE43D261FA25A00C7ECA7 /* SceneDelegate.swift */; };
		497AE443261FA25A00C7ECA7 /* Main.storyboard in Resources */ = {isa = PBXBuildFile; fileRef = 497AE441261FA25A00C7ECA7 /* Main.storyboard */; };
		497AE445261FA25C00C7ECA7 /* Assets.xcassets in Resources */ = {isa = PBXBuildFile; fileRef = 497AE444261FA25C00C7ECA7 /* Assets.xcassets */; };
		497AE448261FA25C00C7ECA7 /* LaunchScreen.storyboard in Resources */ = {isa = PBXBuildFile; fileRef = 497AE446261FA25C00C7ECA7 /* LaunchScreen.storyboard */; };
		49B481A02620136B00C33E54 /* GoogleService-Info.plist in Resources */ = {isa = PBXBuildFile; fileRef = 49B4819F2620136B00C33E54 /* GoogleService-Info.plist */; };
/* End PBXBuildFile section */

/* Begin PBXFileReference section */
		4917F2D5262B8350008F1FE8 /* Coin.swift */ = {isa = PBXFileReference; lastKnownFileType = sourcecode.swift; path = Coin.swift; sourceTree = "<group>"; };
		4917F2D8262B8A84008F1FE8 /* CoinTableViewCell.swift */ = {isa = PBXFileReference; lastKnownFileType = sourcecode.swift; path = CoinTableViewCell.swift; sourceTree = "<group>"; };
		4917F2DB262BA4A6008F1FE8 /* CoinTableViewController.swift */ = {isa = PBXFileReference; lastKnownFileType = sourcecode.swift; path = CoinTableViewController.swift; sourceTree = "<group>"; };
		4926A5E8262FC471004CD261 /* AlertViewController.swift */ = {isa = PBXFileReference; lastKnownFileType = sourcecode.swift; path = AlertViewController.swift; sourceTree = "<group>"; };
		497AE438261FA25A00C7ECA7 /* CoinAlert.app */ = {isa = PBXFileReference; explicitFileType = wrapper.application; includeInIndex = 0; path = CoinAlert.app; sourceTree = BUILT_PRODUCTS_DIR; };
		497AE43B261FA25A00C7ECA7 /* AppDelegate.swift */ = {isa = PBXFileReference; lastKnownFileType = sourcecode.swift; path = AppDelegate.swift; sourceTree = "<group>"; };
		497AE43D261FA25A00C7ECA7 /* SceneDelegate.swift */ = {isa = PBXFileReference; lastKnownFileType = sourcecode.swift; path = SceneDelegate.swift; sourceTree = "<group>"; };
		497AE442261FA25A00C7ECA7 /* Base */ = {isa = PBXFileReference; lastKnownFileType = file.storyboard; name = Base; path = Base.lproj/Main.storyboard; sourceTree = "<group>"; };
		497AE444261FA25C00C7ECA7 /* Assets.xcassets */ = {isa = PBXFileReference; lastKnownFileType = folder.assetcatalog; path = Assets.xcassets; sourceTree = "<group>"; };
		497AE447261FA25C00C7ECA7 /* Base */ = {isa = PBXFileReference; lastKnownFileType = file.storyboard; name = Base; path = Base.lproj/LaunchScreen.storyboard; sourceTree = "<group>"; };
		497AE449261FA25C00C7ECA7 /* Info.plist */ = {isa = PBXFileReference; lastKnownFileType = text.plist.xml; path = Info.plist; sourceTree = "<group>"; };
		49B4819F2620136B00C33E54 /* GoogleService-Info.plist */ = {isa = PBXFileReference; fileEncoding = 4; lastKnownFileType = text.plist.xml; path = "GoogleService-Info.plist"; sourceTree = "<group>"; };
		49E2DAA0263B3A2D00A38858 /* CoinAlert.entitlements */ = {isa = PBXFileReference; lastKnownFileType = text.plist.entitlements; path = CoinAlert.entitlements; sourceTree = "<group>"; };
		799A0406D3952677153208A5 /* Pods_CoinAlert.framework */ = {isa = PBXFileReference; explicitFileType = wrapper.framework; includeInIndex = 0; path = Pods_CoinAlert.framework; sourceTree = BUILT_PRODUCTS_DIR; };
		9FEA294250501E132509C5CD /* Pods-CoinAlert.debug.xcconfig */ = {isa = PBXFileReference; includeInIndex = 1; lastKnownFileType = text.xcconfig; name = "Pods-CoinAlert.debug.xcconfig"; path = "Target Support Files/Pods-CoinAlert/Pods-CoinAlert.debug.xcconfig"; sourceTree = "<group>"; };
		F0BC44892DD4D84E03886B1F /* Pods-CoinAlert.release.xcconfig */ = {isa = PBXFileReference; includeInIndex = 1; lastKnownFileType = text.xcconfig; name = "Pods-CoinAlert.release.xcconfig"; path = "Target Support Files/Pods-CoinAlert/Pods-CoinAlert.release.xcconfig"; sourceTree = "<group>"; };
/* End PBXFileReference section */

/* Begin PBXFrameworksBuildPhase section */
		497AE435261FA25A00C7ECA7 /* Frameworks */ = {
			isa = PBXFrameworksBuildPhase;
			buildActionMask = 2147483647;
			files = (
				441299AAB1C41D7E4F283353 /* Pods_CoinAlert.framework in Frameworks */,
			);
			runOnlyForDeploymentPostprocessing = 0;
		};
/* End PBXFrameworksBuildPhase section */

/* Begin PBXGroup section */
		497AE42F261FA25A00C7ECA7 = {
			isa = PBXGroup;
			children = (
				497AE43A261FA25A00C7ECA7 /* CoinAlert */,
				497AE439261FA25A00C7ECA7 /* Products */,
				ECC925C8BA543E8DC874D596 /* Pods */,
				7738A49EECC412A931917EEF /* Frameworks */,
			);
			sourceTree = "<group>";
		};
		497AE439261FA25A00C7ECA7 /* Products */ = {
			isa = PBXGroup;
			children = (
				497AE438261FA25A00C7ECA7 /* CoinAlert.app */,
			);
			name = Products;
			sourceTree = "<group>";
		};
		497AE43A261FA25A00C7ECA7 /* CoinAlert */ = {
			isa = PBXGroup;
			children = (
				49E2DAA0263B3A2D00A38858 /* CoinAlert.entitlements */,
				497AE43B261FA25A00C7ECA7 /* AppDelegate.swift */,
				497AE43D261FA25A00C7ECA7 /* SceneDelegate.swift */,
				497AE441261FA25A00C7ECA7 /* Main.storyboard */,
				4926A5E8262FC471004CD261 /* AlertViewController.swift */,
				4917F2D8262B8A84008F1FE8 /* CoinTableViewCell.swift */,
				4917F2DB262BA4A6008F1FE8 /* CoinTableViewController.swift */,
				4917F2D5262B8350008F1FE8 /* Coin.swift */,
				497AE444261FA25C00C7ECA7 /* Assets.xcassets */,
				497AE446261FA25C00C7ECA7 /* LaunchScreen.storyboard */,
				497AE449261FA25C00C7ECA7 /* Info.plist */,
				49B4819F2620136B00C33E54 /* GoogleService-Info.plist */,
			);
			path = CoinAlert;
			sourceTree = "<group>";
		};
		7738A49EECC412A931917EEF /* Frameworks */ = {
			isa = PBXGroup;
			children = (
				799A0406D3952677153208A5 /* Pods_CoinAlert.framework */,
			);
			name = Frameworks;
			sourceTree = "<group>";
		};
		ECC925C8BA543E8DC874D596 /* Pods */ = {
			isa = PBXGroup;
			children = (
				9FEA294250501E132509C5CD /* Pods-CoinAlert.debug.xcconfig */,
				F0BC44892DD4D84E03886B1F /* Pods-CoinAlert.release.xcconfig */,
			);
			path = Pods;
			sourceTree = "<group>";
		};
/* End PBXGroup section */

/* Begin PBXNativeTarget section */
		497AE437261FA25A00C7ECA7 /* CoinAlert */ = {
			isa = PBXNativeTarget;
			buildConfigurationList = 497AE44C261FA25C00C7ECA7 /* Build configuration list for PBXNativeTarget "CoinAlert" */;
			buildPhases = (
				50AAF873B0E2AB652A3BE053 /* [CP] Check Pods Manifest.lock */,
				497AE434261FA25A00C7ECA7 /* Sources */,
				497AE435261FA25A00C7ECA7 /* Frameworks */,
				497AE436261FA25A00C7ECA7 /* Resources */,
				5EE6CA2086C32FC2C3047EF1 /* [CP] Embed Pods Frameworks */,
			);
			buildRules = (
			);
			dependencies = (
			);
			name = CoinAlert;
			productName = CoinAlert;
			productReference = 497AE438261FA25A00C7ECA7 /* CoinAlert.app */;
			productType = "com.apple.product-type.application";
		};
/* End PBXNativeTarget section */

/* Begin PBXProject section */
		497AE430261FA25A00C7ECA7 /* Project object */ = {
			isa = PBXProject;
			attributes = {
				LastSwiftUpdateCheck = 1240;
				LastUpgradeCheck = 1240;
				TargetAttributes = {
					497AE437261FA25A00C7ECA7 = {
						CreatedOnToolsVersion = 12.4;
					};
				};
			};
			buildConfigurationList = 497AE433261FA25A00C7ECA7 /* Build configuration list for PBXProject "CoinAlert" */;
			compatibilityVersion = "Xcode 9.3";
			developmentRegion = en;
			hasScannedForEncodings = 0;
			knownRegions = (
				en,
				Base,
			);
			mainGroup = 497AE42F261FA25A00C7ECA7;
			productRefGroup = 497AE439261FA25A00C7ECA7 /* Products */;
			projectDirPath = "";
			projectRoot = "";
			targets = (
				497AE437261FA25A00C7ECA7 /* CoinAlert */,
			);
		};
/* End PBXProject section */

/* Begin PBXResourcesBuildPhase section */
		497AE436261FA25A00C7ECA7 /* Resources */ = {
			isa = PBXResourcesBuildPhase;
			buildActionMask = 2147483647;
			files = (
				497AE448261FA25C00C7ECA7 /* LaunchScreen.storyboard in Resources */,
				49B481A02620136B00C33E54 /* GoogleService-Info.plist in Resources */,
				497AE445261FA25C00C7ECA7 /* Assets.xcassets in Resources */,
				497AE443261FA25A00C7ECA7 /* Main.storyboard in Resources */,
			);
			runOnlyForDeploymentPostprocessing = 0;
		};
/* End PBXResourcesBuildPhase section */

/* Begin PBXShellScriptBuildPhase section */
		50AAF873B0E2AB652A3BE053 /* [CP] Check Pods Manifest.lock */ = {
			isa = PBXShellScriptBuildPhase;
			buildActionMask = 2147483647;
			files = (
			);
			inputFileListPaths = (
			);
			inputPaths = (
				"${PODS_PODFILE_DIR_PATH}/Podfile.lock",
				"${PODS_ROOT}/Manifest.lock",
			);
			name = "[CP] Check Pods Manifest.lock";
			outputFileListPaths = (
			);
			outputPaths = (
				"$(DERIVED_FILE_DIR)/Pods-CoinAlert-checkManifestLockResult.txt",
			);
			runOnlyForDeploymentPostprocessing = 0;
			shellPath = /bin/sh;
			shellScript = "diff \"${PODS_PODFILE_DIR_PATH}/Podfile.lock\" \"${PODS_ROOT}/Manifest.lock\" > /dev/null\nif [ $? != 0 ] ; then\n    # print error to STDERR\n    echo \"error: The sandbox is not in sync with the Podfile.lock. Run 'pod install' or update your CocoaPods installation.\" >&2\n    exit 1\nfi\n# This output is used by Xcode 'outputs' to avoid re-running this script phase.\necho \"SUCCESS\" > \"${SCRIPT_OUTPUT_FILE_0}\"\n";
			showEnvVarsInLog = 0;
		};
		5EE6CA2086C32FC2C3047EF1 /* [CP] Embed Pods Frameworks */ = {
			isa = PBXShellScriptBuildPhase;
			buildActionMask = 2147483647;
			files = (
			);
			inputFileListPaths = (
				"${PODS_ROOT}/Target Support Files/Pods-CoinAlert/Pods-CoinAlert-frameworks-${CONFIGURATION}-input-files.xcfilelist",
			);
			name = "[CP] Embed Pods Frameworks";
			outputFileListPaths = (
				"${PODS_ROOT}/Target Support Files/Pods-CoinAlert/Pods-CoinAlert-frameworks-${CONFIGURATION}-output-files.xcfilelist",
			);
			runOnlyForDeploymentPostprocessing = 0;
			shellPath = /bin/sh;
			shellScript = "\"${PODS_ROOT}/Target Support Files/Pods-CoinAlert/Pods-CoinAlert-frameworks.sh\"\n";
			showEnvVarsInLog = 0;
		};
/* End PBXShellScriptBuildPhase section */

/* Begin PBXSourcesBuildPhase section */
		497AE434261FA25A00C7ECA7 /* Sources */ = {
			isa = PBXSourcesBuildPhase;
			buildActionMask = 2147483647;
			files = (
				497AE43C261FA25A00C7ECA7 /* AppDelegate.swift in Sources */,
				4926A5E9262FC471004CD261 /* AlertViewController.swift in Sources */,
				4917F2DC262BA4A6008F1FE8 /* CoinTableViewController.swift in Sources */,
				4917F2D6262B8350008F1FE8 /* Coin.swift in Sources */,
				497AE43E261FA25A00C7ECA7 /* SceneDelegate.swift in Sources */,
				4917F2D9262B8A84008F1FE8 /* CoinTableViewCell.swift in Sources */,
			);
			runOnlyForDeploymentPostprocessing = 0;
		};
/* End PBXSourcesBuildPhase section */

/* Begin PBXVariantGroup section */
		497AE441261FA25A00C7ECA7 /* Main.storyboard */ = {
			isa = PBXVariantGroup;
			children = (
				497AE442261FA25A00C7ECA7 /* Base */,
			);
			name = Main.storyboard;
			sourceTree = "<group>";
		};
		497AE446261FA25C00C7ECA7 /* LaunchScreen.storyboard */ = {
			isa = PBXVariantGroup;
			children = (
				497AE447261FA25C00C7ECA7 /* Base */,
			);
			name = LaunchScreen.storyboard;
			sourceTree = "<group>";
		};
/* End PBXVariantGroup section */

/* Begin XCBuildConfiguration section */
		497AE44A261FA25C00C7ECA7 /* Debug */ = {
			isa = XCBuildConfiguration;
			buildSettings = {
				ALWAYS_SEARCH_USER_PATHS = NO;
				CLANG_ANALYZER_NONNULL = YES;
				CLANG_ANALYZER_NUMBER_OBJECT_CONVERSION = YES_AGGRESSIVE;
				CLANG_CXX_LANGUAGE_STANDARD = "gnu++14";
				CLANG_CXX_LIBRARY = "libc++";
				CLANG_ENABLE_MODULES = YES;
				CLANG_ENABLE_OBJC_ARC = YES;
				CLANG_ENABLE_OBJC_WEAK = YES;
				CLANG_WARN_BLOCK_CAPTURE_AUTORELEASING = YES;
				CLANG_WARN_BOOL_CONVERSION = YES;
				CLANG_WARN_COMMA = YES;
				CLANG_WARN_CONSTANT_CONVERSION = YES;
				CLANG_WARN_DEPRECATED_OBJC_IMPLEMENTATIONS = YES;
				CLANG_WARN_DIRECT_OBJC_ISA_USAGE = YES_ERROR;
				CLANG_WARN_DOCUMENTATION_COMMENTS = YES;
				CLANG_WARN_EMPTY_BODY = YES;
				CLANG_WARN_ENUM_CONVERSION = YES;
				CLANG_WARN_INFINITE_RECURSION = YES;
				CLANG_WARN_INT_CONVERSION = YES;
				CLANG_WARN_NON_LITERAL_NULL_CONVERSION = YES;
				CLANG_WARN_OBJC_IMPLICIT_RETAIN_SELF = YES;
				CLANG_WARN_OBJC_LITERAL_CONVERSION = YES;
				CLANG_WARN_OBJC_ROOT_CLASS = YES_ERROR;
				CLANG_WARN_QUOTED_INCLUDE_IN_FRAMEWORK_HEADER = YES;
				CLANG_WARN_RANGE_LOOP_ANALYSIS = YES;
				CLANG_WARN_STRICT_PROTOTYPES = YES;
				CLANG_WARN_SUSPICIOUS_MOVE = YES;
				CLANG_WARN_UNGUARDED_AVAILABILITY = YES_AGGRESSIVE;
				CLANG_WARN_UNREACHABLE_CODE = YES;
				CLANG_WARN__DUPLICATE_METHOD_MATCH = YES;
				COPY_PHASE_STRIP = NO;
				DEBUG_INFORMATION_FORMAT = dwarf;
				ENABLE_STRICT_OBJC_MSGSEND = YES;
				ENABLE_TESTABILITY = YES;
				GCC_C_LANGUAGE_STANDARD = gnu11;
				GCC_DYNAMIC_NO_PIC = NO;
				GCC_NO_COMMON_BLOCKS = YES;
				GCC_OPTIMIZATION_LEVEL = 0;
				GCC_PREPROCESSOR_DEFINITIONS = (
					"DEBUG=1",
					"$(inherited)",
				);
				GCC_WARN_64_TO_32_BIT_CONVERSION = YES;
				GCC_WARN_ABOUT_RETURN_TYPE = YES_ERROR;
				GCC_WARN_UNDECLARED_SELECTOR = YES;
				GCC_WARN_UNINITIALIZED_AUTOS = YES_AGGRESSIVE;
				GCC_WARN_UNUSED_FUNCTION = YES;
				GCC_WARN_UNUSED_VARIABLE = YES;
				IPHONEOS_DEPLOYMENT_TARGET = 14.4;
				MTL_ENABLE_DEBUG_INFO = INCLUDE_SOURCE;
				MTL_FAST_MATH = YES;
				ONLY_ACTIVE_ARCH = YES;
				SDKROOT = iphoneos;
				SWIFT_ACTIVE_COMPILATION_CONDITIONS = DEBUG;
				SWIFT_OPTIMIZATION_LEVEL = "-Onone";
			};
			name = Debug;
		};
		497AE44B261FA25C00C7ECA7 /* Release */ = {
			isa = XCBuildConfiguration;
			buildSettings = {
				ALWAYS_SEARCH_USER_PATHS = NO;
				CLANG_ANALYZER_NONNULL = YES;
				CLANG_ANALYZER_NUMBER_OBJECT_CONVERSION = YES_AGGRESSIVE;
				CLANG_CXX_LANGUAGE_STANDARD = "gnu++14";
				CLANG_CXX_LIBRARY = "libc++";
				CLANG_ENABLE_MODULES = YES;
				CLANG_ENABLE_OBJC_ARC = YES;
				CLANG_ENABLE_OBJC_WEAK = YES;
				CLANG_WARN_BLOCK_CAPTURE_AUTORELEASING = YES;
				CLANG_WARN_BOOL_CONVERSION = YES;
				CLANG_WARN_COMMA = YES;
				CLANG_WARN_CONSTANT_CONVERSION = YES;
				CLANG_WARN_DEPRECATED_OBJC_IMPLEMENTATIONS = YES;
				CLANG_WARN_DIRECT_OBJC_ISA_USAGE = YES_ERROR;
				CLANG_WARN_DOCUMENTATION_COMMENTS = YES;
				CLANG_WARN_EMPTY_BODY = YES;
				CLANG_WARN_ENUM_CONVERSION = YES;
				CLANG_WARN_INFINITE_RECURSION = YES;
				CLANG_WARN_INT_CONVERSION = YES;
				CLANG_WARN_NON_LITERAL_NULL_CONVERSION = YES;
				CLANG_WARN_OBJC_IMPLICIT_RETAIN_SELF = YES;
				CLANG_WARN_OBJC_LITERAL_CONVERSION = YES;
				CLANG_WARN_OBJC_ROOT_CLASS = YES_ERROR;
				CLANG_WARN_QUOTED_INCLUDE_IN_FRAMEWORK_HEADER = YES;
				CLANG_WARN_RANGE_LOOP_ANALYSIS = YES;
				CLANG_WARN_STRICT_PROTOTYPES = YES;
				CLANG_WARN_SUSPICIOUS_MOVE = YES;
				CLANG_WARN_UNGUARDED_AVAILABILITY = YES_AGGRESSIVE;
				CLANG_WARN_UNREACHABLE_CODE = YES;
				CLANG_WARN__DUPLICATE_METHOD_MATCH = YES;
				COPY_PHASE_STRIP = NO;
				DEBUG_INFORMATION_FORMAT = "dwarf-with-dsym";
				ENABLE_NS_ASSERTIONS = NO;
				ENABLE_STRICT_OBJC_MSGSEND = YES;
				GCC_C_LANGUAGE_STANDARD = gnu11;
				GCC_NO_COMMON_BLOCKS = YES;
				GCC_WARN_64_TO_32_BIT_CONVERSION = YES;
				GCC_WARN_ABOUT_RETURN_TYPE = YES_ERROR;
				GCC_WARN_UNDECLARED_SELECTOR = YES;
				GCC_WARN_UNINITIALIZED_AUTOS = YES_AGGRESSIVE;
				GCC_WARN_UNUSED_FUNCTION = YES;
				GCC_WARN_UNUSED_VARIABLE = YES;
				IPHONEOS_DEPLOYMENT_TARGET = 14.4;
				MTL_ENABLE_DEBUG_INFO = NO;
				MTL_FAST_MATH = YES;
				SDKROOT = iphoneos;
				SWIFT_COMPILATION_MODE = wholemodule;
				SWIFT_OPTIMIZATION_LEVEL = "-O";
				VALIDATE_PRODUCT = YES;
			};
			name = Release;
		};
		497AE44D261FA25C00C7ECA7 /* Debug */ = {
			isa = XCBuildConfiguration;
			baseConfigurationReference = 9FEA294250501E132509C5CD /* Pods-CoinAlert.debug.xcconfig */;
			buildSettings = {
				ASSETCATALOG_COMPILER_APPICON_NAME = AppIcon;
				ASSETCATALOG_COMPILER_GLOBAL_ACCENT_COLOR_NAME = AccentColor;
				CODE_SIGN_ENTITLEMENTS = CoinAlert/CoinAlert.entitlements;
				CODE_SIGN_STYLE = Automatic;
				DEVELOPMENT_TEAM = NFY6YWV645;
				INFOPLIST_FILE = CoinAlert/Info.plist;
				LD_RUNPATH_SEARCH_PATHS = (
					"$(inherited)",
					"@executable_path/Frameworks",
				);
				PRODUCT_BUNDLE_IDENTIFIER = com.CoinAlert;
				PRODUCT_NAME = "$(TARGET_NAME)";
				SWIFT_VERSION = 5.0;
				TARGETED_DEVICE_FAMILY = "1,2";
			};
			name = Debug;
		};
		497AE44E261FA25C00C7ECA7 /* Release */ = {
			isa = XCBuildConfiguration;
			baseConfigurationReference = F0BC44892DD4D84E03886B1F /* Pods-CoinAlert.release.xcconfig */;
			buildSettings = {
				ASSETCATALOG_COMPILER_APPICON_NAME = AppIcon;
				ASSETCATALOG_COMPILER_GLOBAL_ACCENT_COLOR_NAME = AccentColor;
				CODE_SIGN_ENTITLEMENTS = CoinAlert/CoinAlert.entitlements;
				CODE_SIGN_STYLE = Automatic;
				DEVELOPMENT_TEAM = NFY6YWV645;
				INFOPLIST_FILE = CoinAlert/Info.plist;
				LD_RUNPATH_SEARCH_PATHS = (
					"$(inherited)",
					"@executable_path/Frameworks",
				);
				PRODUCT_BUNDLE_IDENTIFIER = com.CoinAlert;
				PRODUCT_NAME = "$(TARGET_NAME)";
				SWIFT_VERSION = 5.0;
				TARGETED_DEVICE_FAMILY = "1,2";
			};
			name = Release;
		};
/* End XCBuildConfiguration section */

/* Begin XCConfigurationList section */
		497AE433261FA25A00C7ECA7 /* Build configuration list for PBXProject "CoinAlert" */ = {
			isa = XCConfigurationList;
			buildConfigurations = (
				497AE44A261FA25C00C7ECA7 /* Debug */,
				497AE44B261FA25C00C7ECA7 /* Release */,
			);
			defaultConfigurationIsVisible = 0;
			defaultConfigurationName = Release;
		};
		497AE44C261FA25C00C7ECA7 /* Build configuration list for PBXNativeTarget "CoinAlert" */ = {
			isa = XCConfigurationList;
			buildConfigurations = (
				497AE44D261FA25C00C7ECA7 /* Debug */,
				497AE44E261FA25C00C7ECA7 /* Release */,
			);
			defaultConfigurationIsVisible = 0;
			defaultConfigurationName = Release;
		};
/* End XCConfigurationList section */
	};
	rootObject = 497AE430261FA25A00C7ECA7 /* Project object */;
}
